{
  "lockfile_version": "1",
  "packages": {
    "libiconv@latest": {
      "last_modified": "2024-12-23T21:10:33Z",
      "resolved": "github:NixOS/nixpkgs/de1864217bfa9b5845f465e771e0ecb48b30e02d#libiconv",
      "source": "devbox-search",
      "version": "2.40",
      "systems": {
        "aarch64-linux": {
          "store_path": "/nix/store/9sj81vq4da8pi1lk5giygcy78nji3f7c-glibc-iconv-2.40"
        },
        "x86_64-linux": {
          "store_path": "/nix/store/ym52wgq3kyp6c3sy27qnzd4g81i4d5v6-glibc-iconv-2.40"
        }
      }
    },
    "openssl.dev": {
      "resolved": "github:NixOS/nixpkgs/75a52265bda7fd25e06e3a67dee3f0354e73243c#openssl.dev",
      "source": "nixpkg"
    },
    "openssl@latest": {
      "last_modified": "2025-01-05T01:56:15Z",
      "resolved": "github:NixOS/nixpkgs/bf689c40d035239a489de5997a4da5352434632e#openssl",
      "source": "devbox-search",
      "version": "3.3.2",
      "systems": {
        "aarch64-darwin": {
          "outputs": [
            {
              "name": "bin",
              "path": "/nix/store/75mxp65iyv0447b2izfh342rrd62nbca-openssl-3.3.2-bin",
              "default": true
            },
            {
              "name": "man",
              "path": "/nix/store/m775fphih8alfgw2zxim7306311ckq4n-openssl-3.3.2-man",
              "default": true
            },
            {
              "name": "dev",
              "path": "/nix/store/l2nvwi0k7nk9azm42yr6zkf2b2bmf0y7-openssl-3.3.2-dev"
            },
            {
              "name": "doc",
              "path": "/nix/store/v184cqr099z5p1w33p75lgps7qq0bs27-openssl-3.3.2-doc"
            },
            {
              "name": "out",
              "path": "/nix/store/8ms7abrwg2nbqdjdcdf1aig4y7yha4v7-openssl-3.3.2"
            }
          ],
          "store_path": "/nix/store/75mxp65iyv0447b2izfh342rrd62nbca-openssl-3.3.2-bin"
        },
        "aarch64-linux": {
          "outputs": [
            {
              "name": "bin",
              "path": "/nix/store/5i99cr9czj8l075g6v4k045xf5ny344q-openssl-3.3.2-bin",
              "default": true
            },
            {
              "name": "man",
              "path": "/nix/store/pb4pwzg2z2sp6y5f7pc94qqc3mzl503k-openssl-3.3.2-man",
              "default": true
            },
            {
              "name": "debug",
              "path": "/nix/store/m4qnsg22n7xmp9h2hkfhn098ca1rywkc-openssl-3.3.2-debug"
            },
            {
              "name": "dev",
              "path": "/nix/store/bdn0vcwlv6zslkzgaa6v3shjy7d0k3kk-openssl-3.3.2-dev"
            },
            {
              "name": "doc",
              "path": "/nix/store/jq5m5p5b3pww9wai6ax6asm2j9dvgybd-openssl-3.3.2-doc"
            },
            {
              "name": "out",
              "path": "/nix/store/pj9m4jn66yd0jxpi93fl5cr6spk7lvjp-openssl-3.3.2"
            }
          ],
          "store_path": "/nix/store/5i99cr9czj8l075g6v4k045xf5ny344q-openssl-3.3.2-bin"
        },
        "x86_64-darwin": {
          "outputs": [
            {
              "name": "bin",
              "path": "/nix/store/idrz0vysby9agk3aydldr66jg0a07pvb-openssl-3.3.2-bin",
              "default": true
            },
            {
              "name": "man",
              "path": "/nix/store/pw5a1d3axcbz35x1db16vdn20bn98g9c-openssl-3.3.2-man",
              "default": true
            },
            {
              "name": "dev",
              "path": "/nix/store/al9kbf9c8j3wc15bnvh7z16vdid0yq9j-openssl-3.3.2-dev"
            },
            {
              "name": "doc",
              "path": "/nix/store/af8vskzmfjkn5d5iv9y88agr5akwyi59-openssl-3.3.2-doc"
            },
            {
              "name": "out",
              "path": "/nix/store/zkhcxd99z6y70shwqz53dc8yx4xia7dn-openssl-3.3.2"
            }
          ],
          "store_path": "/nix/store/idrz0vysby9agk3aydldr66jg0a07pvb-openssl-3.3.2-bin"
        },
        "x86_64-linux": {
          "outputs": [
            {
              "name": "bin",
              "path": "/nix/store/lygl27c44xv73kx1spskcgvzwq7z337c-openssl-3.3.2-bin",
              "default": true
            },
            {
              "name": "man",
              "path": "/nix/store/q10wlq1brcnc21v5qvhbj9fwlf806dgm-openssl-3.3.2-man",
              "default": true
            },
            {
              "name": "debug",
              "path": "/nix/store/w3cz20hbjrh998895f35x8b9svy264xn-openssl-3.3.2-debug"
            },
            {
              "name": "dev",
              "path": "/nix/store/pp2zf8bdgyz60ds8vcshk2603gcjgp72-openssl-3.3.2-dev"
            },
            {
              "name": "doc",
              "path": "/nix/store/ca0yhj0j7ngamdsrjlv38lhw8mai38w3-openssl-3.3.2-doc"
            },
            {
              "name": "out",
              "path": "/nix/store/h1ydpxkw9qhjdxjpic1pdc2nirggyy6f-openssl-3.3.2"
            }
          ],
          "store_path": "/nix/store/lygl27c44xv73kx1spskcgvzwq7z337c-openssl-3.3.2-bin"
        }
      }
    },
    "pkg-config@latest": {
      "last_modified": "2024-12-23T21:10:33Z",
      "resolved": "github:NixOS/nixpkgs/de1864217bfa9b5845f465e771e0ecb48b30e02d#pkg-config",
      "source": "devbox-search",
      "version": "0.29.2",
      "systems": {
        "aarch64-darwin": {
          "outputs": [
            {
              "name": "out",
              "path": "/nix/store/8q86l30fjpgf800jwahdn4kylm99ibg5-pkg-config-wrapper-0.29.2",
              "default": true
            },
            {
              "name": "man",
              "path": "/nix/store/5jysq3g0p4aj4bc9vh52db1ix0f5q767-pkg-config-wrapper-0.29.2-man",
              "default": true
            },
            {
              "name": "doc",
              "path": "/nix/store/vy7bpc8rb4x027gsvx1dy3kzlgd1jg7i-pkg-config-wrapper-0.29.2-doc"
            }
          ],
          "store_path": "/nix/store/8q86l30fjpgf800jwahdn4kylm99ibg5-pkg-config-wrapper-0.29.2"
        },
        "aarch64-linux": {
          "outputs": [
            {
              "name": "out",
              "path": "/nix/store/ivyizy8i8zg04mibiqh672ljx7zns2qs-pkg-config-wrapper-0.29.2",
              "default": true
            },
            {
              "name": "man",
              "path": "/nix/store/5cx279ky7hi0j7zdn9rrrp7962bqvjv0-pkg-config-wrapper-0.29.2-man",
              "default": true
            },
            {
              "name": "doc",
              "path": "/nix/store/wdhr09g0h453xi752fhq654hmnds5z5v-pkg-config-wrapper-0.29.2-doc"
            }
          ],
          "store_path": "/nix/store/ivyizy8i8zg04mibiqh672ljx7zns2qs-pkg-config-wrapper-0.29.2"
        },
        "x86_64-darwin": {
          "outputs": [
            {
              "name": "out",
              "path": "/nix/store/ra4ajarnml1xzbrp0ll5332f422ny2lc-pkg-config-wrapper-0.29.2",
              "default": true
            },
            {
              "name": "man",
              "path": "/nix/store/xy9yv26ii1yk1grqdfbnmjrjqmz4n9gm-pkg-config-wrapper-0.29.2-man",
              "default": true
            },
            {
              "name": "doc",
              "path": "/nix/store/qjsx2x66ckfrv3j98ns0clmig33fbb6d-pkg-config-wrapper-0.29.2-doc"
            }
          ],
          "store_path": "/nix/store/ra4ajarnml1xzbrp0ll5332f422ny2lc-pkg-config-wrapper-0.29.2"
        },
        "x86_64-linux": {
          "outputs": [
            {
              "name": "out",
              "path": "/nix/store/0d4m43yp69lrm8imxbqgl9zxjwwz52jw-pkg-config-wrapper-0.29.2",
              "default": true
            },
            {
              "name": "man",
              "path": "/nix/store/xjpdc7ryah1y4l9m8qd5n1hcywfapwdi-pkg-config-wrapper-0.29.2-man",
              "default": true
            },
            {
              "name": "doc",
              "path": "/nix/store/m1hymzl44iajsldspj2xa5if0g4ladfd-pkg-config-wrapper-0.29.2-doc"
            }
          ],
          "store_path": "/nix/store/0d4m43yp69lrm8imxbqgl9zxjwwz52jw-pkg-config-wrapper-0.29.2"
        }
      }
    },
    "rustup@latest": {
      "last_modified": "2024-12-23T21:10:33Z",
      "plugin_version": "0.0.1",
      "resolved": "github:NixOS/nixpkgs/de1864217bfa9b5845f465e771e0ecb48b30e02d#rustup",
      "source": "devbox-search",
      "version": "1.27.1",
      "systems": {
        "aarch64-darwin": {
          "store_path": "/nix/store/f577am7fddddky4gfsfbzvy22n5qqanh-rustup-1.27.1"
        },
        "aarch64-linux": {
          "store_path": "/nix/store/0alinkf7s4gizy7ph01jh1p5nxwkcaci-rustup-1.27.1"
        },
        "x86_64-darwin": {
          "store_path": "/nix/store/94viny8yipljwgxvyz1xljcg3mpgnyfp-rustup-1.27.1"
        },
        "x86_64-linux": {
          "store_path": "/nix/store/lmf8r03kjrjw2anyd04wwd26lw8klisn-rustup-1.27.1"
        }
      }
    }
  }
}
